// !$*UTF8*$!
{
	archiveVersion = 1;
	classes = {
	};
	objectVersion = 46;
	objects = {

/* Begin PBXBuildFile section */
		657603971C9A76C000DEB3B7 /* AppDelegate.swift in Sources */ = {isa = PBXBuildFile; fileRef = 657603961C9A76C000DEB3B7 /* AppDelegate.swift */; };
		657603991C9A76C000DEB3B7 /* Assets.xcassets in Resources */ = {isa = PBXBuildFile; fileRef = 657603981C9A76C000DEB3B7 /* Assets.xcassets */; };
		6576039C1C9A76C000DEB3B7 /* MainMenu.xib in Resources */ = {isa = PBXBuildFile; fileRef = 6576039A1C9A76C000DEB3B7 /* MainMenu.xib */; };
		657603A71C9A793B00DEB3B7 /* AboutWindowController.swift in Sources */ = {isa = PBXBuildFile; fileRef = 657603A51C9A793B00DEB3B7 /* AboutWindowController.swift */; };
		657603A81C9A793B00DEB3B7 /* AboutWindowController.xib in Resources */ = {isa = PBXBuildFile; fileRef = 657603A61C9A793B00DEB3B7 /* AboutWindowController.xib */; };
		657603B51C9A7A4800DEB3B7 /* CoinMarketHelper.swift in Sources */ = {isa = PBXBuildFile; fileRef = 657603B41C9A7A4800DEB3B7 /* CoinMarketHelper.swift */; };
		65B61BD31CC5F94700386D74 /* PriceStore.swift in Sources */ = {isa = PBXBuildFile; fileRef = 65B61BD21CC5F94700386D74 /* PriceStore.swift */; };
		65B61BD51CC603E700386D74 /* RealmHelper.swift in Sources */ = {isa = PBXBuildFile; fileRef = 65B61BD41CC603E700386D74 /* RealmHelper.swift */; };
		65B61BD71CC6057E00386D74 /* Currencies.swift in Sources */ = {isa = PBXBuildFile; fileRef = 65B61BD61CC6057E00386D74 /* Currencies.swift */; };
		65B61BD91CC6121200386D74 /* CryptoMenu.swift in Sources */ = {isa = PBXBuildFile; fileRef = 65B61BD81CC6121200386D74 /* CryptoMenu.swift */; };
		65DD7C1E1CC6A9B50050036E /* Realm.framework in Frameworks */ = {isa = PBXBuildFile; fileRef = 65DD7C1D1CC6A9B50050036E /* Realm.framework */; };
		65DD7C1F1CC6A9B50050036E /* Realm.framework in Embed Frameworks */ = {isa = PBXBuildFile; fileRef = 65DD7C1D1CC6A9B50050036E /* Realm.framework */; settings = {ATTRIBUTES = (CodeSignOnCopy, RemoveHeadersOnCopy, ); }; };
		65DD7C211CC6A9C50050036E /* Alamofire.framework in Frameworks */ = {isa = PBXBuildFile; fileRef = 65DD7C201CC6A9C50050036E /* Alamofire.framework */; };
		65DD7C221CC6A9C50050036E /* Alamofire.framework in Embed Frameworks */ = {isa = PBXBuildFile; fileRef = 65DD7C201CC6A9C50050036E /* Alamofire.framework */; settings = {ATTRIBUTES = (CodeSignOnCopy, RemoveHeadersOnCopy, ); }; };
		D17281EC5D66379BF5396D5D /* Pods_CryptoBar.framework in Frameworks */ = {isa = PBXBuildFile; fileRef = 1D25404C118CB2AF9175FCE4 /* Pods_CryptoBar.framework */; };
/* End PBXBuildFile section */

/* Begin PBXCopyFilesBuildPhase section */
		65DD7C1C1CC6A87A0050036E /* Embed Frameworks */ = {
			isa = PBXCopyFilesBuildPhase;
			buildActionMask = 2147483647;
			dstPath = "";
			dstSubfolderSpec = 10;
			files = (
				65DD7C1F1CC6A9B50050036E /* Realm.framework in Embed Frameworks */,
				65DD7C221CC6A9C50050036E /* Alamofire.framework in Embed Frameworks */,
			);
			name = "Embed Frameworks";
			runOnlyForDeploymentPostprocessing = 0;
		};
/* End PBXCopyFilesBuildPhase section */

/* Begin PBXFileReference section */
		05D1CBD47410688A561AE1C5 /* Pods-CryptoBar.debug.xcconfig */ = {isa = PBXFileReference; includeInIndex = 1; lastKnownFileType = text.xcconfig; name = "Pods-CryptoBar.debug.xcconfig"; path = "Pods/Target Support Files/Pods-CryptoBar/Pods-CryptoBar.debug.xcconfig"; sourceTree = "<group>"; };
		1D25404C118CB2AF9175FCE4 /* Pods_CryptoBar.framework */ = {isa = PBXFileReference; explicitFileType = wrapper.framework; includeInIndex = 0; path = Pods_CryptoBar.framework; sourceTree = BUILT_PRODUCTS_DIR; };
		657603931C9A76C000DEB3B7 /* CryptoBar.app */ = {isa = PBXFileReference; explicitFileType = wrapper.application; includeInIndex = 0; path = CryptoBar.app; sourceTree = BUILT_PRODUCTS_DIR; };
		657603961C9A76C000DEB3B7 /* AppDelegate.swift */ = {isa = PBXFileReference; lastKnownFileType = sourcecode.swift; path = AppDelegate.swift; sourceTree = "<group>"; };
		657603981C9A76C000DEB3B7 /* Assets.xcassets */ = {isa = PBXFileReference; lastKnownFileType = folder.assetcatalog; path = Assets.xcassets; sourceTree = "<group>"; };
		6576039B1C9A76C000DEB3B7 /* Base */ = {isa = PBXFileReference; lastKnownFileType = file.xib; name = Base; path = Base.lproj/MainMenu.xib; sourceTree = "<group>"; };
		6576039D1C9A76C000DEB3B7 /* Info.plist */ = {isa = PBXFileReference; lastKnownFileType = text.plist.xml; path = Info.plist; sourceTree = "<group>"; };
		657603A51C9A793B00DEB3B7 /* AboutWindowController.swift */ = {isa = PBXFileReference; fileEncoding = 4; lastKnownFileType = sourcecode.swift; path = AboutWindowController.swift; sourceTree = "<group>"; };
		657603A61C9A793B00DEB3B7 /* AboutWindowController.xib */ = {isa = PBXFileReference; fileEncoding = 4; lastKnownFileType = file.xib; path = AboutWindowController.xib; sourceTree = "<group>"; };
		657603B41C9A7A4800DEB3B7 /* CoinMarketHelper.swift */ = {isa = PBXFileReference; fileEncoding = 4; lastKnownFileType = sourcecode.swift; path = CoinMarketHelper.swift; sourceTree = "<group>"; };
		657603B81C9A833800DEB3B7 /* CryptoBar.entitlements */ = {isa = PBXFileReference; lastKnownFileType = text.xml; path = CryptoBar.entitlements; sourceTree = "<group>"; };
		65B61BD21CC5F94700386D74 /* PriceStore.swift */ = {isa = PBXFileReference; fileEncoding = 4; lastKnownFileType = sourcecode.swift; path = PriceStore.swift; sourceTree = "<group>"; };
		65B61BD41CC603E700386D74 /* RealmHelper.swift */ = {isa = PBXFileReference; fileEncoding = 4; lastKnownFileType = sourcecode.swift; path = RealmHelper.swift; sourceTree = "<group>"; };
		65B61BD61CC6057E00386D74 /* Currencies.swift */ = {isa = PBXFileReference; fileEncoding = 4; lastKnownFileType = sourcecode.swift; path = Currencies.swift; sourceTree = "<group>"; };
		65B61BD81CC6121200386D74 /* CryptoMenu.swift */ = {isa = PBXFileReference; fileEncoding = 4; lastKnownFileType = sourcecode.swift; path = CryptoMenu.swift; sourceTree = "<group>"; };
		65DD7C1D1CC6A9B50050036E /* Realm.framework */ = {isa = PBXFileReference; explicitFileType = wrapper.framework; name = Realm.framework; path = "/Users/choncou/Library/Developer/Xcode/DerivedData/CryptoBar-dajiolestrjbojfyozadqqcorudc/Build/Products/Debug/Realm.framework"; sourceTree = "<absolute>"; };
		65DD7C201CC6A9C50050036E /* Alamofire.framework */ = {isa = PBXFileReference; explicitFileType = wrapper.framework; name = Alamofire.framework; path = "/Users/choncou/Library/Developer/Xcode/DerivedData/CryptoBar-dajiolestrjbojfyozadqqcorudc/Build/Products/Debug/Alamofire.framework"; sourceTree = "<absolute>"; };
		86B22D38A23B83B325B53AC7 /* Pods-CryptoBar.release.xcconfig */ = {isa = PBXFileReference; includeInIndex = 1; lastKnownFileType = text.xcconfig; name = "Pods-CryptoBar.release.xcconfig"; path = "Pods/Target Support Files/Pods-CryptoBar/Pods-CryptoBar.release.xcconfig"; sourceTree = "<group>"; };
/* End PBXFileReference section */

/* Begin PBXFrameworksBuildPhase section */
		657603901C9A76C000DEB3B7 /* Frameworks */ = {
			isa = PBXFrameworksBuildPhase;
			buildActionMask = 2147483647;
			files = (
				65DD7C1E1CC6A9B50050036E /* Realm.framework in Frameworks */,
				D17281EC5D66379BF5396D5D /* Pods_CryptoBar.framework in Frameworks */,
				65DD7C211CC6A9C50050036E /* Alamofire.framework in Frameworks */,
			);
			runOnlyForDeploymentPostprocessing = 0;
		};
/* End PBXFrameworksBuildPhase section */

/* Begin PBXGroup section */
		42B639CFE345E93CB18BAF7B /* Frameworks */ = {
			isa = PBXGroup;
			children = (
				1D25404C118CB2AF9175FCE4 /* Pods_CryptoBar.framework */,
			);
			name = Frameworks;
			sourceTree = "<group>";
		};
		6576038A1C9A76C000DEB3B7 = {
			isa = PBXGroup;
			children = (
				65DD7C201CC6A9C50050036E /* Alamofire.framework */,
				65DD7C1D1CC6A9B50050036E /* Realm.framework */,
				657603951C9A76C000DEB3B7 /* CryptoBar */,
				657603941C9A76C000DEB3B7 /* Products */,
				9EB4C43FAF6C772EC0AA8475 /* Pods */,
				42B639CFE345E93CB18BAF7B /* Frameworks */,
			);
			sourceTree = "<group>";
		};
		657603941C9A76C000DEB3B7 /* Products */ = {
			isa = PBXGroup;
			children = (
				657603931C9A76C000DEB3B7 /* CryptoBar.app */,
			);
			name = Products;
			sourceTree = "<group>";
		};
		657603951C9A76C000DEB3B7 /* CryptoBar */ = {
			isa = PBXGroup;
			children = (
				657603B81C9A833800DEB3B7 /* CryptoBar.entitlements */,
				657603961C9A76C000DEB3B7 /* AppDelegate.swift */,
				657603A51C9A793B00DEB3B7 /* AboutWindowController.swift */,
				65B61BD61CC6057E00386D74 /* Currencies.swift */,
				65B61BD11CC5F92100386D74 /* Persistance */,
				657603B11C9A7A1900DEB3B7 /* Helpers */,
				6576039A1C9A76C000DEB3B7 /* MainMenu.xib */,
				65B61BD81CC6121200386D74 /* CryptoMenu.swift */,
				657603A61C9A793B00DEB3B7 /* AboutWindowController.xib */,
				6576039D1C9A76C000DEB3B7 /* Info.plist */,
				657603981C9A76C000DEB3B7 /* Assets.xcassets */,
			);
			path = CryptoBar;
			sourceTree = "<group>";
		};
		657603B11C9A7A1900DEB3B7 /* Helpers */ = {
			isa = PBXGroup;
			children = (
				657603B41C9A7A4800DEB3B7 /* CoinMarketHelper.swift */,
			);
			name = Helpers;
			sourceTree = "<group>";
		};
		65B61BD11CC5F92100386D74 /* Persistance */ = {
			isa = PBXGroup;
			children = (
				65B61BD21CC5F94700386D74 /* PriceStore.swift */,
				65B61BD41CC603E700386D74 /* RealmHelper.swift */,
			);
			name = Persistance;
			sourceTree = "<group>";
		};
		9EB4C43FAF6C772EC0AA8475 /* Pods */ = {
			isa = PBXGroup;
			children = (
				05D1CBD47410688A561AE1C5 /* Pods-CryptoBar.debug.xcconfig */,
				86B22D38A23B83B325B53AC7 /* Pods-CryptoBar.release.xcconfig */,
			);
			name = Pods;
			sourceTree = "<group>";
		};
/* End PBXGroup section */

/* Begin PBXNativeTarget section */
		657603921C9A76C000DEB3B7 /* CryptoBar */ = {
			isa = PBXNativeTarget;
			buildConfigurationList = 657603A01C9A76C000DEB3B7 /* Build configuration list for PBXNativeTarget "CryptoBar" */;
			buildPhases = (
				F8D2CC58F3837C546D1CD437 /* Check Pods Manifest.lock */,
				6576038F1C9A76C000DEB3B7 /* Sources */,
				657603901C9A76C000DEB3B7 /* Frameworks */,
				657603911C9A76C000DEB3B7 /* Resources */,
				586A714B4C7BC27D01F3C8DF /* Embed Pods Frameworks */,
				1F16A7691281B9D1EBEE9F91 /* Copy Pods Resources */,
				65DD7C1C1CC6A87A0050036E /* Embed Frameworks */,
			);
			buildRules = (
			);
			dependencies = (
			);
			name = CryptoBar;
			productName = CryptoBar;
			productReference = 657603931C9A76C000DEB3B7 /* CryptoBar.app */;
			productType = "com.apple.product-type.application";
		};
/* End PBXNativeTarget section */

/* Begin PBXProject section */
		6576038B1C9A76C000DEB3B7 /* Project object */ = {
			isa = PBXProject;
			attributes = {
				LastSwiftUpdateCheck = 0720;
				LastUpgradeCheck = 0720;
				ORGANIZATIONNAME = "Unathi Chonco";
				TargetAttributes = {
					657603921C9A76C000DEB3B7 = {
						CreatedOnToolsVersion = 7.2.1;
						DevelopmentTeam = T9AT2A746N;
						SystemCapabilities = {
							com.apple.Sandbox = {
								enabled = 1;
							};
						};
					};
				};
			};
			buildConfigurationList = 6576038E1C9A76C000DEB3B7 /* Build configuration list for PBXProject "CryptoBar" */;
			compatibilityVersion = "Xcode 3.2";
			developmentRegion = English;
			hasScannedForEncodings = 0;
			knownRegions = (
				en,
				Base,
			);
			mainGroup = 6576038A1C9A76C000DEB3B7;
			productRefGroup = 657603941C9A76C000DEB3B7 /* Products */;
			projectDirPath = "";
			projectRoot = "";
			targets = (
				657603921C9A76C000DEB3B7 /* CryptoBar */,
			);
		};
/* End PBXProject section */

/* Begin PBXResourcesBuildPhase section */
		657603911C9A76C000DEB3B7 /* Resources */ = {
			isa = PBXResourcesBuildPhase;
			buildActionMask = 2147483647;
			files = (
				657603A81C9A793B00DEB3B7 /* AboutWindowController.xib in Resources */,
				657603991C9A76C000DEB3B7 /* Assets.xcassets in Resources */,
				6576039C1C9A76C000DEB3B7 /* MainMenu.xib in Resources */,
			);
			runOnlyForDeploymentPostprocessing = 0;
		};
/* End PBXResourcesBuildPhase section */

/* Begin PBXShellScriptBuildPhase section */
		1F16A7691281B9D1EBEE9F91 /* Copy Pods Resources */ = {
			isa = PBXShellScriptBuildPhase;
			buildActionMask = 2147483647;
			files = (
			);
			inputPaths = (
			);
			name = "Copy Pods Resources";
			outputPaths = (
			);
			runOnlyForDeploymentPostprocessing = 0;
			shellPath = /bin/sh;
			shellScript = "\"${SRCROOT}/Pods/Target Support Files/Pods-CryptoBar/Pods-CryptoBar-resources.sh\"\n";
			showEnvVarsInLog = 0;
		};
		586A714B4C7BC27D01F3C8DF /* Embed Pods Frameworks */ = {
			isa = PBXShellScriptBuildPhase;
			buildActionMask = 2147483647;
			files = (
			);
			inputPaths = (
			);
			name = "Embed Pods Frameworks";
			outputPaths = (
			);
			runOnlyForDeploymentPostprocessing = 0;
			shellPath = /bin/sh;
			shellScript = "\"${SRCROOT}/Pods/Target Support Files/Pods-CryptoBar/Pods-CryptoBar-frameworks.sh\"\n";
			showEnvVarsInLog = 0;
		};
		F8D2CC58F3837C546D1CD437 /* Check Pods Manifest.lock */ = {
			isa = PBXShellScriptBuildPhase;
			buildActionMask = 2147483647;
			files = (
			);
			inputPaths = (
			);
			name = "Check Pods Manifest.lock";
			outputPaths = (
			);
			runOnlyForDeploymentPostprocessing = 0;
			shellPath = /bin/sh;
			shellScript = "diff \"${PODS_ROOT}/../Podfile.lock\" \"${PODS_ROOT}/Manifest.lock\" > /dev/null\nif [[ $? != 0 ]] ; then\n    cat << EOM\nerror: The sandbox is not in sync with the Podfile.lock. Run 'pod install' or update your CocoaPods installation.\nEOM\n    exit 1\nfi\n";
			showEnvVarsInLog = 0;
		};
/* End PBXShellScriptBuildPhase section */

/* Begin PBXSourcesBuildPhase section */
		6576038F1C9A76C000DEB3B7 /* Sources */ = {
			isa = PBXSourcesBuildPhase;
			buildActionMask = 2147483647;
			files = (
				65B61BD71CC6057E00386D74 /* Currencies.swift in Sources */,
				657603971C9A76C000DEB3B7 /* AppDelegate.swift in Sources */,
				65B61BD51CC603E700386D74 /* RealmHelper.swift in Sources */,
				657603A71C9A793B00DEB3B7 /* AboutWindowController.swift in Sources */,
				657603B51C9A7A4800DEB3B7 /* CoinMarketHelper.swift in Sources */,
				65B61BD91CC6121200386D74 /* CryptoMenu.swift in Sources */,
				65B61BD31CC5F94700386D74 /* PriceStore.swift in Sources */,
			);
			runOnlyForDeploymentPostprocessing = 0;
		};
/* End PBXSourcesBuildPhase section */

/* Begin PBXVariantGroup section */
		6576039A1C9A76C000DEB3B7 /* MainMenu.xib */ = {
			isa = PBXVariantGroup;
			children = (
				6576039B1C9A76C000DEB3B7 /* Base */,
			);
			name = MainMenu.xib;
			sourceTree = "<group>";
		};
/* End PBXVariantGroup section */

/* Begin XCBuildConfiguration section */
		6576039E1C9A76C000DEB3B7 /* Debug */ = {
			isa = XCBuildConfiguration;
			buildSettings = {
				ALWAYS_SEARCH_USER_PATHS = NO;
				CLANG_CXX_LANGUAGE_STANDARD = "gnu++0x";
				CLANG_CXX_LIBRARY = "libc++";
				CLANG_ENABLE_MODULES = YES;
				CLANG_ENABLE_OBJC_ARC = YES;
				CLANG_WARN_BOOL_CONVERSION = YES;
				CLANG_WARN_CONSTANT_CONVERSION = YES;
				CLANG_WARN_DIRECT_OBJC_ISA_USAGE = YES_ERROR;
				CLANG_WARN_EMPTY_BODY = YES;
				CLANG_WARN_ENUM_CONVERSION = YES;
				CLANG_WARN_INT_CONVERSION = YES;
				CLANG_WARN_OBJC_ROOT_CLASS = YES_ERROR;
				CLANG_WARN_UNREACHABLE_CODE = YES;
				CLANG_WARN__DUPLICATE_METHOD_MATCH = YES;
				CODE_SIGN_IDENTITY = "-";
				COPY_PHASE_STRIP = NO;
				DEBUG_INFORMATION_FORMAT = dwarf;
				ENABLE_STRICT_OBJC_MSGSEND = YES;
				ENABLE_TESTABILITY = YES;
				GCC_C_LANGUAGE_STANDARD = gnu99;
				GCC_DYNAMIC_NO_PIC = NO;
				GCC_NO_COMMON_BLOCKS = YES;
				GCC_OPTIMIZATION_LEVEL = 0;
				GCC_PREPROCESSOR_DEFINITIONS = (
					"DEBUG=1",
					"$(inherited)",
				);
				GCC_WARN_64_TO_32_BIT_CONVERSION = YES;
				GCC_WARN_ABOUT_RETURN_TYPE = YES_ERROR;
				GCC_WARN_UNDECLARED_SELECTOR = YES;
				GCC_WARN_UNINITIALIZED_AUTOS = YES_AGGRESSIVE;
				GCC_WARN_UNUSED_FUNCTION = YES;
				GCC_WARN_UNUSED_VARIABLE = YES;
				MACOSX_DEPLOYMENT_TARGET = 10.11;
				MTL_ENABLE_DEBUG_INFO = YES;
				ONLY_ACTIVE_ARCH = YES;
				SDKROOT = macosx;
				SWIFT_OPTIMIZATION_LEVEL = "-Onone";
			};
			name = Debug;
		};
		6576039F1C9A76C000DEB3B7 /* Release */ = {
			isa = XCBuildConfiguration;
			buildSettings = {
				ALWAYS_SEARCH_USER_PATHS = NO;
				CLANG_CXX_LANGUAGE_STANDARD = "gnu++0x";
				CLANG_CXX_LIBRARY = "libc++";
				CLANG_ENABLE_MODULES = YES;
				CLANG_ENABLE_OBJC_ARC = YES;
				CLANG_WARN_BOOL_CONVERSION = YES;
				CLANG_WARN_CONSTANT_CONVERSION = YES;
				CLANG_WARN_DIRECT_OBJC_ISA_USAGE = YES_ERROR;
				CLANG_WARN_EMPTY_BODY = YES;
				CLANG_WARN_ENUM_CONVERSION = YES;
				CLANG_WARN_INT_CONVERSION = YES;
				CLANG_WARN_OBJC_ROOT_CLASS = YES_ERROR;
				CLANG_WARN_UNREACHABLE_CODE = YES;
				CLANG_WARN__DUPLICATE_METHOD_MATCH = YES;
				CODE_SIGN_IDENTITY = "-";
				COPY_PHASE_STRIP = NO;
				DEBUG_INFORMATION_FORMAT = "dwarf-with-dsym";
				ENABLE_NS_ASSERTIONS = NO;
				ENABLE_STRICT_OBJC_MSGSEND = YES;
				GCC_C_LANGUAGE_STANDARD = gnu99;
				GCC_NO_COMMON_BLOCKS = YES;
				GCC_WARN_64_TO_32_BIT_CONVERSION = YES;
				GCC_WARN_ABOUT_RETURN_TYPE = YES_ERROR;
				GCC_WARN_UNDECLARED_SELECTOR = YES;
				GCC_WARN_UNINITIALIZED_AUTOS = YES_AGGRESSIVE;
				GCC_WARN_UNUSED_FUNCTION = YES;
				GCC_WARN_UNUSED_VARIABLE = YES;
				MACOSX_DEPLOYMENT_TARGET = 10.11;
				MTL_ENABLE_DEBUG_INFO = NO;
				SDKROOT = macosx;
			};
			name = Release;
		};
		657603A11C9A76C000DEB3B7 /* Debug */ = {
			isa = XCBuildConfiguration;
			baseConfigurationReference = 05D1CBD47410688A561AE1C5 /* Pods-CryptoBar.debug.xcconfig */;
			buildSettings = {
				ASSETCATALOG_COMPILER_APPICON_NAME = AppIcon;
				CODE_SIGN_ENTITLEMENTS = CryptoBar/CryptoBar.entitlements;
				CODE_SIGN_IDENTITY = "Mac Developer";
				"CODE_SIGN_IDENTITY[sdk=macosx*]" = "3rd Party Mac Developer Application";
				COMBINE_HIDPI_IMAGES = YES;
				INFOPLIST_FILE = CryptoBar/Info.plist;
				LD_RUNPATH_SEARCH_PATHS = "$(inherited) @executable_path/../Frameworks";
				MACOSX_DEPLOYMENT_TARGET = 10.10;
				PRODUCT_BUNDLE_IDENTIFIER = com.unathichonco.CryptoBar;
				PRODUCT_NAME = "$(TARGET_NAME)";
				PROVISIONING_PROFILE = "";
			};
			name = Debug;
		};
		657603A21C9A76C000DEB3B7 /* Release */ = {
			isa = XCBuildConfiguration;
			baseConfigurationReference = 86B22D38A23B83B325B53AC7 /* Pods-CryptoBar.release.xcconfig */;
			buildSettings = {
				ASSETCATALOG_COMPILER_APPICON_NAME = AppIcon;
				CODE_SIGN_ENTITLEMENTS = CryptoBar/CryptoBar.entitlements;
				CODE_SIGN_IDENTITY = "Mac Developer";
				"CODE_SIGN_IDENTITY[sdk=macosx*]" = "3rd Party Mac Developer Application";
				COMBINE_HIDPI_IMAGES = YES;
				INFOPLIST_FILE = CryptoBar/Info.plist;
				LD_RUNPATH_SEARCH_PATHS = "$(inherited) @executable_path/../Frameworks";
				MACOSX_DEPLOYMENT_TARGET = 10.10;
				PRODUCT_BUNDLE_IDENTIFIER = com.unathichonco.CryptoBar;
				PRODUCT_NAME = "$(TARGET_NAME)";
				PROVISIONING_PROFILE = "";
			};
			name = Release;
		};
/* End XCBuildConfiguration section */

/* Begin XCConfigurationList section */
		6576038E1C9A76C000DEB3B7 /* Build configuration list for PBXProject "CryptoBar" */ = {
			isa = XCConfigurationList;
			buildConfigurations = (
				6576039E1C9A76C000DEB3B7 /* Debug */,
				6576039F1C9A76C000DEB3B7 /* Release */,
			);
			defaultConfigurationIsVisible = 0;
			defaultConfigurationName = Release;
		};
		657603A01C9A76C000DEB3B7 /* Build configuration list for PBXNativeTarget "CryptoBar" */ = {
			isa = XCConfigurationList;
			buildConfigurations = (
				657603A11C9A76C000DEB3B7 /* Debug */,
				657603A21C9A76C000DEB3B7 /* Release */,
			);
			defaultConfigurationIsVisible = 0;
			defaultConfigurationName = Release;
		};
/* End XCConfigurationList section */
	};
	rootObject = 6576038B1C9A76C000DEB3B7 /* Project object */;
}
